
Microsoft Visual Studio Solution File, Format Version 12.00
# Visual Studio 14
VisualStudioVersion = 14.0.25420.1
MinimumVisualStudioVersion = 10.0.40219.1
Project("{FAE04EC0-301F-11D3-BF4B-00C04F79EFBC}") = "FreshFruit", "FreshFruit\FreshFruit.csproj", "{0D5F772A-361B-45F0-82A4-76D20E511A2A}"
EndProject
Project("{2150E333-8FDC-42A3-9474-1A3956D46DE8}") = "Solution Items", "Solution Items", "{378BF684-9DA3-4CB6-B4E6-F2D6BD4A9C46}"
	ProjectSection(SolutionItems) = preProject
		Readme.md = Readme.md
	EndProjectSection
EndProject
Global
	GlobalSection(SolutionConfigurationPlatforms) = preSolution
		Debug|Any CPU = Debug|Any CPU
		Release|Any CPU = Release|Any CPU
	EndGlobalSection
	GlobalSection(ProjectConfigurationPlatforms) = postSolution
		{0D5F772A-361B-45F0-82A4-76D20E511A2A}.Debug|Any CPU.ActiveCfg = Debug|Any CPU
		{0D5F772A-361B-45F0-82A4-76D20E511A2A}.Debug|Any CPU.Build.0 = Debug|Any CPU
		{0D5F772A-361B-45F0-82A4-76D20E511A2A}.Release|Any CPU.ActiveCfg = Release|Any CPU
		{0D5F772A-361B-45F0-82A4-76D20E511A2A}.Release|Any CPU.Build.0 = Release|Any CPU
	EndGlobalSection
	GlobalSection(SolutionProperties) = preSolution
		HideSolutionNode = FALSE
	EndGlobalSection
EndGlobal
